
Microsoft Visual Studio Solution File, Format Version 12.00
# Visual Studio Version 17
VisualStudioVersion = 17.8.34309.116
MinimumVisualStudioVersion = 10.0.40219.1
Project("{FAE04EC0-301F-11D3-BF4B-00C04F79EFBC}") = "Rastrealo", "Rastrealo.csproj", "{60FCE697-7881-4705-9A03-A3959AEC0D0C}"
EndProject
Global
	GlobalSection(SolutionConfigurationPlatforms) = preSolution
		Debug|Any CPU = Debug|Any CPU
		Release|Any CPU = Release|Any CPU
	EndGlobalSection
	GlobalSection(ProjectConfigurationPlatforms) = postSolution
		{60FCE697-7881-4705-9A03-A3959AEC0D0C}.Debug|Any CPU.ActiveCfg = Debug|Any CPU
		{60FCE697-7881-4705-9A03-A3959AEC0D0C}.Debug|Any CPU.Build.0 = Debug|Any CPU
		{60FCE697-7881-4705-9A03-A3959AEC0D0C}.Release|Any CPU.ActiveCfg = Release|Any CPU
		{60FCE697-7881-4705-9A03-A3959AEC0D0C}.Release|Any CPU.Build.0 = Release|Any CPU
	EndGlobalSection
	GlobalSection(SolutionProperties) = preSolution
		HideSolutionNode = FALSE
	EndGlobalSection
	GlobalSection(ExtensibilityGlobals) = postSolution
		SolutionGuid = {C40B6D80-B75B-4A9F-8C27-C9A8E3ED2D63}
	EndGlobalSection
EndGlobal
